
Microsoft Visual Studio Solution File, Format Version 12.00
# Visual Studio Version 17
VisualStudioVersion = 17.2.32630.192
MinimumVisualStudioVersion = 10.0.40219.1
Project("{9A19103F-16F7-4668-BE54-9A1E7A4F7556}") = "HealthChecking.BackEndApi", "HealthChecking.BackEndApi\HealthChecking.BackEndApi.csproj", "{5C707D11-6AB3-435E-8B09-B4C8B636A930}"
EndProject
Project("{9A19103F-16F7-4668-BE54-9A1E7A4F7556}") = "HealthChecking.TilgangService", "HealthChecking.TilgangService\HealthChecking.TilgangService.csproj", "{4149189B-F6F5-4581-87B0-304C07010F46}"
EndProject
Project("{9A19103F-16F7-4668-BE54-9A1E7A4F7556}") = "HealthChecking.LoggingService", "HealthChecking.LoggingService\HealthChecking.LoggingService.csproj", "{16DF35F9-9703-4A31-AB55-452913EBAB27}"
EndProject
Project("{FAE04EC0-301F-11D3-BF4B-00C04F79EFBC}") = "HealthChecking.RefitApi", "HealthChecking.RefitApi\HealthChecking.RefitApi.csproj", "{DD11DAF3-B7A5-4021-A8E9-7334C858C6CE}"
EndProject
Project("{FAE04EC0-301F-11D3-BF4B-00C04F79EFBC}") = "HealthChecking.Shared.Models", "HealthChecking.Shared.Models\HealthChecking.Shared.Models.csproj", "{FCC075B9-C92D-4402-A963-744C397FFB2D}"
EndProject
Global
	GlobalSection(SolutionConfigurationPlatforms) = preSolution
		Debug|Any CPU = Debug|Any CPU
		Release|Any CPU = Release|Any CPU
	EndGlobalSection
	GlobalSection(ProjectConfigurationPlatforms) = postSolution
		{5C707D11-6AB3-435E-8B09-B4C8B636A930}.Debug|Any CPU.ActiveCfg = Debug|Any CPU
		{5C707D11-6AB3-435E-8B09-B4C8B636A930}.Debug|Any CPU.Build.0 = Debug|Any CPU
		{5C707D11-6AB3-435E-8B09-B4C8B636A930}.Release|Any CPU.ActiveCfg = Release|Any CPU
		{5C707D11-6AB3-435E-8B09-B4C8B636A930}.Release|Any CPU.Build.0 = Release|Any CPU
		{4149189B-F6F5-4581-87B0-304C07010F46}.Debug|Any CPU.ActiveCfg = Debug|Any CPU
		{4149189B-F6F5-4581-87B0-304C07010F46}.Debug|Any CPU.Build.0 = Debug|Any CPU
		{4149189B-F6F5-4581-87B0-304C07010F46}.Release|Any CPU.ActiveCfg = Release|Any CPU
		{4149189B-F6F5-4581-87B0-304C07010F46}.Release|Any CPU.Build.0 = Release|Any CPU
		{16DF35F9-9703-4A31-AB55-452913EBAB27}.Debug|Any CPU.ActiveCfg = Debug|Any CPU
		{16DF35F9-9703-4A31-AB55-452913EBAB27}.Debug|Any CPU.Build.0 = Debug|Any CPU
		{16DF35F9-9703-4A31-AB55-452913EBAB27}.Release|Any CPU.ActiveCfg = Release|Any CPU
		{16DF35F9-9703-4A31-AB55-452913EBAB27}.Release|Any CPU.Build.0 = Release|Any CPU
		{DD11DAF3-B7A5-4021-A8E9-7334C858C6CE}.Debug|Any CPU.ActiveCfg = Debug|Any CPU
		{DD11DAF3-B7A5-4021-A8E9-7334C858C6CE}.Debug|Any CPU.Build.0 = Debug|Any CPU
		{DD11DAF3-B7A5-4021-A8E9-7334C858C6CE}.Release|Any CPU.ActiveCfg = Release|Any CPU
		{DD11DAF3-B7A5-4021-A8E9-7334C858C6CE}.Release|Any CPU.Build.0 = Release|Any CPU
		{FCC075B9-C92D-4402-A963-744C397FFB2D}.Debug|Any CPU.ActiveCfg = Debug|Any CPU
		{FCC075B9-C92D-4402-A963-744C397FFB2D}.Debug|Any CPU.Build.0 = Debug|Any CPU
		{FCC075B9-C92D-4402-A963-744C397FFB2D}.Release|Any CPU.ActiveCfg = Release|Any CPU
		{FCC075B9-C92D-4402-A963-744C397FFB2D}.Release|Any CPU.Build.0 = Release|Any CPU
	EndGlobalSection
	GlobalSection(SolutionProperties) = preSolution
		HideSolutionNode = FALSE
	EndGlobalSection
	GlobalSection(ExtensibilityGlobals) = postSolution
		SolutionGuid = {3384C562-48B0-4A04-B539-48BF877CA656}
	EndGlobalSection
EndGlobal
